{
  "name": "node-dice",
  "version": "1.0.0",
  "lockfileVersion": 3,
  "requires": true,
  "packages": {
    "": {
      "name": "node-dice",
      "version": "1.0.0",
      "license": "MIT",
      "dependencies": {
        "minimalist": "^1.0.0"
      },
      "bin": {
        "roll-dice": "bin/cli.js"
      }
    },
    "node_modules/minimalist": {
      "version": "1.0.0",
      "resolved": "https://registry.npmjs.org/minimalist/-/minimalist-1.0.0.tgz",
      "integrity": "sha512-T6oJUBnYEDlcbyk5DwxnoCSDcaOlQPaODJkoaNtb1ueg1OkxowihbBd53FBfXrCNK116VQI9sCP8j7drx5GJyA=="
    }
  }
}
